<?xml version="1.0" encoding="utf-8"?>
<Project ToolsVersion="4.0" xmlns="http://schemas.microsoft.com/developer/msbuild/2003">
  <ItemGroup>
    <Filter Include="Source Files">
      <UniqueIdentifier>{4FC737F1-C7A5-4376-A066-2A32D752A2FF}</UniqueIdentifier>
      <Extensions>cpp;c;cc;cxx;def;odl;idl;hpj;bat;asm;asmx</Extensions>
    </Filter>
    <Filter Include="Header Files">
      <UniqueIdentifier>{93995380-89BD-4b04-88EB-625FBE52EBFB}</UniqueIdentifier>
      <Extensions>h;hpp;hxx;hm;inl;inc;xsd</Extensions>
    </Filter>
    <Filter Include="Resource Files">
      <UniqueIdentifier>{67DA6AB6-F800-4c08-8B7A-83BB121AAD01}</UniqueIdentifier>
      <Extensions>rc;ico;cur;bmp;dlg;rc2;rct;bin;rgs;gif;jpg;jpeg;jpe;resx;tiff;tif;png;wav;mfcribbon-ms</Extensions>
    </Filter>
    <Filter Include="Header Files\OpenGL">
      <UniqueIdentifier>{aebd005b-610c-4e06-92a9-24145300dac5}</UniqueIdentifier>
    </Filter>
    <Filter Include="Header Files\GLSL">
      <UniqueIdentifier>{6d9a934a-1b32-46c7-b8c7-e67122645748}</UniqueIdentifier>
    </Filter>
    <Filter Include="Header Files\MeshLib">
      <UniqueIdentifier>{cebe9a7b-ae52-43a6-b7d9-156d30c14919}</UniqueIdentifier>
    </Filter>
    <Filter Include="Source Files\GLSL">
      <UniqueIdentifier>{bc80acd4-8b56-41ae-8e6c-ca615a7545e8}</UniqueIdentifier>
    </Filter>
    <Filter Include="Source Files\OpenGL">
      <UniqueIdentifier>{a7808810-f36d-42cb-82d7-76875ceb642f}</UniqueIdentifier>
    </Filter>
    <Filter Include="Source Files\MeshLib">
      <UniqueIdentifier>{a0965e71-2f0b-4b5d-919e-566c254aaef0}</UniqueIdentifier>
    </Filter>
    <Filter Include="Header Files\GUI">
      <UniqueIdentifier>{da8a0dc0-0521-4329-94c2-509143eaf8ad}</UniqueIdentifier>
    </Filter>
  </ItemGroup>
  <ItemGroup>
    <ClCompile Include="Program.c">
      <Filter>Source Files</Filter>
    </ClCompile>
    <ClCompile Include="backupp.cpp">
      <Filter>Source Files</Filter>
    </ClCompile>
    <ClCompile Include="gMatrix.c">
      <Filter>Source Files</Filter>
    </ClCompile>
    <ClCompile Include="octTree.c">
      <Filter>Source Files</Filter>
    </ClCompile>
    <ClCompile Include="arrayList.c">
      <Filter>Source Files</Filter>
    </ClCompile>
    <ClCompile Include="mouseFunctions.c">
      <Filter>Source Files</Filter>
    </ClCompile>
    <ClCompile Include="icp.c">
      <Filter>Source Files</Filter>
    </ClCompile>
    <ClCompile Include="GLSLprogram.c">
      <Filter>Source Files\GLSL</Filter>
    </ClCompile>
    <ClCompile Include="GLSLshader.c">
      <Filter>Source Files\MeshLib</Filter>
    </ClCompile>
    <ClCompile Include="rPPoints.c">
      <Filter>Source Files\MeshLib</Filter>
    </ClCompile>
    <ClCompile Include="rply.c">
      <Filter>Source Files\MeshLib</Filter>
    </ClCompile>
    <ClCompile Include="robjtogl.c">
      <Filter>Source Files\MeshLib</Filter>
    </ClCompile>
    <ClCompile Include="robj.c">
      <Filter>Source Files\MeshLib</Filter>
    </ClCompile>
    <ClCompile Include="..\gl3w.c">
      <Filter>Source Files\OpenGL</Filter>
    </ClCompile>
  </ItemGroup>
  <ItemGroup>
    <ClInclude Include="vector.h">
      <Filter>Header Files</Filter>
    </ClInclude>
    <ClInclude Include="gMatrix.h">
      <Filter>Header Files</Filter>
    </ClInclude>
    <ClInclude Include="octTree.h">
      <Filter>Header Files</Filter>
    </ClInclude>
    <ClInclude Include="ArrayList.h">
      <Filter>Header Files</Filter>
    </ClInclude>
    <ClInclude Include="icp.h">
      <Filter>Header Files</Filter>
    </ClInclude>
    <ClInclude Include="..\gl3w.h">
      <Filter>Header Files\OpenGL</Filter>
    </ClInclude>
    <ClInclude Include="..\glcorearb.h">
      <Filter>Header Files\OpenGL</Filter>
    </ClInclude>
    <ClInclude Include="..\glfw_wrapper.hpp">
      <Filter>Header Files\OpenGL</Filter>
    </ClInclude>
    <ClInclude Include="GLSLshader.h">
      <Filter>Header Files\GLSL</Filter>
    </ClInclude>
    <ClInclude Include="GLSLprogram.h">
      <Filter>Header Files\GLSL</Filter>
    </ClInclude>
    <ClInclude Include="rply.h">
      <Filter>Header Files\MeshLib</Filter>
    </ClInclude>
    <ClInclude Include="robj.h">
      <Filter>Header Files\MeshLib</Filter>
    </ClInclude>
    <ClInclude Include="robjtogl.h">
      <Filter>Header Files\MeshLib</Filter>
    </ClInclude>
    <ClInclude Include="rPPoints.h">
      <Filter>Header Files\MeshLib</Filter>
    </ClInclude>
    <ClInclude Include="mouseFunctions.h">
      <Filter>Header Files\GUI</Filter>
    </ClInclude>
  </ItemGroup>
  <ItemGroup>
    <None Include="vertexShaderSource.vert">
      <Filter>Resource Files</Filter>
    </None>
    <None Include="fragmentShaderSource.frag">
      <Filter>Resource Files</Filter>
    </None>
    <None Include="MatrixPerspective.vert">
      <Filter>Resource Files</Filter>
    </None>
  </ItemGroup>
</Project>